{
    "_meta": {
        "hash": {
            "sha256": "a9d46f5f43b7a13349bcb46cf31de54d5bb82d5d34c12db8eaaa2f8280ec8057"
        },
        "pipfile-spec": 6,
        "requires": {},
        "sources": [
            {
                "name": "pypi",
                "url": "https://pypi.org/simple",
                "verify_ssl": true
            }
        ]
    },
    "default": {
        "beautifulsoup4": {
            "hashes": [
                "sha256:05fd825eb01c290877657a56df4c6e4c311b3965bda790c613a3d6fb01a5462a",
                "sha256:9fbb4d6e48ecd30bcacc5b63b94088192dcda178513b2ae3c394229f8911b887",
                "sha256:e1505eeed31b0f4ce2dbb3bc8eb256c04cc2b3b72af7d551a4ab6efd5cbe5dae"
            ],
            "version": "==4.8.2"
        },
        "chardet": {
            "hashes": [
                "sha256:84ab92ed1c4d4f16916e05906b6b75a6c0fb5db821cc65e70cbd64a3e2a5eaae",
                "sha256:fc323ffcaeaed0e0a02bf4d117757b98aed530d9ed4531e3e15460124c106691"
            ],
            "index": "pypi",
            "version": "==3.0.4"
        },
        "django": {
            "hashes": [
                "sha256:1ffab268ada3d5684c05ba7ce776eaeedef360712358d6a6b340ae9f16486916",
                "sha256:dd46d87af4c1bf54f4c926c3cfa41dc2b5c15782f15e4329752ce65f5dad1c37"
            ],
            "index": "pypi",
            "version": "==2.1.3"
        },
        "django-imperavi": {
            "hashes": [
                "sha256:2b05ff0afbc8a23a28ab599abef6aa8e762f32b5830ce7522905b471763d3da2"
            ],
            "index": "pypi",
            "version": "==0.2.3"
        },
        "django-tinymce": {
            "hashes": [
                "sha256:a7594f342786834e4f6585334652c6a37f1e11ccbc3ea83ae76b9ff9b3cf590c",
                "sha256:ed1425aa370e20e8b84809feebc2cd42573790cfb74ad19a942affe8f13b9296"
            ],
            "index": "pypi",
            "version": "==2.7.0"
        },
        "django-webtest": {
            "hashes": [
                "sha256:7b683d87cd9be13599af44b81bd44f97b49978b4e69cf4b92059c393f64307c1",
                "sha256:f3cd35d06ec01610e1a5ec8917679ad9a53f815d85d1e41e385746f1e823869d"
            ],
            "index": "pypi",
            "version": "==1.9.4"
        },
        "ldif3": {
            "hashes": [
                "sha256:ccdf6ac2ed3f88912b7509529694c0e289c4392d34f2095cca22fa6d70ac189a"
            ],
            "index": "pypi",
            "version": "==3.1.1"
        },
        "mock": {
            "hashes": [
                "sha256:5ce3c71c5545b472da17b72268978914d0252980348636840bd34a00b5cc96c1",
                "sha256:b158b6df76edd239b8208d481dc46b6afd45a846b7812ff0ce58971cf5bc8bba"
            ],
            "index": "pypi",
            "version": "==2.0.0"
        },
        "pbr": {
            "hashes": [
                "sha256:139d2625547dbfa5fb0b81daebb39601c478c21956dc57e2e07b74450a8c506b",
                "sha256:61aa52a0f18b71c5cc58232d2cf8f8d09cd67fcad60b742a60124cb8d6951488"
            ],
            "version": "==5.4.4"
        },
        "pillow": {
            "hashes": [
                "sha256:00fdeb23820f30e43bba78eb9abb00b7a937a655de7760b2e09101d63708b64e",
                "sha256:01f948e8220c85eae1aa1a7f8edddcec193918f933fb07aaebe0bfbbcffefbf1",
                "sha256:08abf39948d4b5017a137be58f1a52b7101700431f0777bec3d897c3949f74e6",
                "sha256:099a61618b145ecb50c6f279666bbc398e189b8bc97544ae32b8fcb49ad6b830",
                "sha256:2c1c61546e73de62747e65807d2cc4980c395d4c5600ecb1f47a650c6fa78c79",
                "sha256:2ed9c4f694861642401f27dc3cb99772be67cd190e84845c749dae0a06c3bfae",
                "sha256:338581b30b908e111be578f0297255f6b57a51358cd16fa0e6f664c9a1f88bff",
                "sha256:38c7d48a21cd06fdeee93987147b9b1c55b73b4cfcbf83240568bfbd5adee447",
                "sha256:43fd026f613c8e48a25eba1a92f4d2ad7f3903c95d8c33a11611a7717d2ab654",
                "sha256:4548236844327a718ce3bb182ab32a16fa2050c61e334e959f554cac052fb0df",
                "sha256:5090857876c58885cfa388dc649e5db30aae98a068c26f3fd0ac9d7d9a4d9572",
                "sha256:5bbba34f97a26a93f5e8dec469ca4ddd712451418add43da946dbaed7f7a98d2",
                "sha256:65a28969a025a0eb4594637b6103201dc4ed2a9508bdab56ac33e43e3081c404",
                "sha256:892bb52b70bd5ea9dbbc3ac44f38e84f5a04e9d8b1bff48159d96cb795b81159",
                "sha256:8a9becd5cbd5062f973bcd2e7bc79483af310222de112b6541f8af1f93a3cc42",
                "sha256:972a7aaeb7c4a2795b52eef52ee991ef040b31009f36deca6207a986607b55f3",
                "sha256:97b119c436bfa96a92ac2ca525f7025836d4d4e64b1c9f9eff8dbaf3ff1d86f3",
                "sha256:9ba37698e242223f8053cc158f130aee046a96feacbeab65893dbe94f5530118",
                "sha256:b1b0e1f626a0f079c0d3696db70132fb1f29aa87c66aecb6501a9b8be64ce9f7",
                "sha256:c14c1224fd1a5be2733530d648a316974dbbb3c946913562c6005a76f21ca042",
                "sha256:c79a8546c48ae6465189e54e3245a97ddf21161e33ff7eaa42787353417bb2b6",
                "sha256:ceb76935ac4ebdf6d7bc845482a4450b284c6ccfb281e34da51d510658ab34d8",
                "sha256:e22bffaad04b4d16e1c091baed7f2733fc1ebb91e0c602abf1b6834d17158b1f",
                "sha256:ec883b8e44d877bda6f94a36313a1c6063f8b1997aa091628ae2f34c7f97c8d5",
                "sha256:f1baa54d50ec031d1a9beb89974108f8f2c0706f49798f4777df879df0e1adb6",
                "sha256:f53a5385932cda1e2c862d89460992911a89768c65d176ff8c50cddca4d29bed"
            ],
            "index": "pypi",
            "version": "==6.2.0"
        },
        "python-card-me": {
            "hashes": [
                "sha256:37ca483a574534177227152123b1e1381330c75a62c4d4d60cd2eeb188384bf2"
            ],
            "index": "pypi",
            "version": "==0.9.3"
        },
        "python-dateutil": {
            "hashes": [
                "sha256:73ebfe9dbf22e832286dafa60473e4cd239f8592f699aa5adaf10050e6e1823c",
                "sha256:75bb3f31ea686f1197762692a9ee6a7550b59fc6ca3a1f4b5d7e32fb98e2da2a"
            ],
            "version": "==2.8.1"
        },
        "pytz": {
            "hashes": [
                "sha256:31cb35c89bd7d333cd32c5f278fca91b523b0834369e757f4c5641ea252236ca",
                "sha256:8e0f8568c118d3077b46be7d654cc8167fa916092e28320cde048e54bfc9f1e6"
            ],
            "index": "pypi",
            "version": "==2018.7"
        },
        "six": {
            "hashes": [
                "sha256:70e8a77beed4562e7f14fe23a786b54f6296e34344c23bc42f07b15018ff98e9",
                "sha256:832dc0e10feb1aa2c68dcc57dbb658f1c7e65b9b61af69048abc87a2db00a0eb"
            ],
            "index": "pypi",
            "version": "==1.11.0"
        },
        "sorl-thumbnail": {
            "hashes": [
                "sha256:8dfe5fda91a5047d1d35a0b9effe7b000764a01d648e15ca076f44e9c34b6dbd",
                "sha256:d9e3f018d19293824803e4ffead96b19dfcd44fa7987cea392f50436817bef34"
            ],
            "index": "pypi",
            "version": "==12.5.0"
        },
        "soupsieve": {
            "hashes": [
                "sha256:bdb0d917b03a1369ce964056fc195cfdff8819c40de04695a80bc813c3cfa1f5",
                "sha256:e2c1c5dee4a1c36bcb790e0fabd5492d874b8ebd4617622c4f6a731701060dda"
            ],
            "version": "==1.9.5"
        },
        "surlex": {
            "hashes": [
                "sha256:62057b52d147bf83aec36205a42a0080e0a0de4d6c8b8d6ae56adf477253b2df"
            ],
            "index": "pypi",
            "version": "==0.2.0"
        },
        "unicodecsv": {
            "hashes": [
                "sha256:018c08037d48649a0412063ff4eda26eaa81eff1546dbffa51fa5293276ff7fc"
            ],
            "index": "pypi",
            "version": "==0.14.1"
        },
        "waitress": {
            "hashes": [
                "sha256:67a60a376f0eb335ed88967c42b73983a58d66a2a72eb9009a42725f7453b142",
                "sha256:cbf1c62fc41393a6f27cb78483f8f6e252630a3598984668244b7bf4e35856f1"
            ],
            "version": "==1.4.2"
        },
        "webob": {
            "hashes": [
                "sha256:05aaab7975e0ee8af2026325d656e5ce14a71f1883c52276181821d6d5bf7086",
                "sha256:36db8203c67023d68c1b00208a7bf55e3b10de2aa317555740add29c619de12b"
            ],
            "version": "==1.8.5"
        },
        "webtest": {
            "hashes": [
                "sha256:4221020d502ff414c5fba83c1213985b83219cb1cc611fe58aa4feaf96b5e062",
                "sha256:9f1e6faad0b732911793e4d6f54aede292b0c3ee0b3ef7afb2011ec4f4044cc8"
            ],
            "index": "pypi",
            "version": "==2.0.32"
        }
    },
    "develop": {}
}
