{
    "_meta": {
        "hash": {
            "sha256": "801cb2ddb141e5ce48d651ba878bc939c4cbc0cb07f50a5b6bf9d80040f76636"
        },
        "pipfile-spec": 6,
        "requires": {},
        "sources": [
            {
                "name": "pypi",
                "url": "https://pypi.org/simple",
                "verify_ssl": true
            }
        ]
    },
    "default": {
        "asgiref": {
            "hashes": [
                "sha256:7e06d934a7718bf3975acbf87780ba678957b87c7adc056f13b6215d610695a0",
                "sha256:ea448f92fc35a0ef4b1508f53a04c4670255a3f33d22a81c8fc9c872036adbe5"
            ],
            "version": "==3.2.3"
        },
        "beautifulsoup4": {
            "hashes": [
                "sha256:05fd825eb01c290877657a56df4c6e4c311b3965bda790c613a3d6fb01a5462a",
                "sha256:9fbb4d6e48ecd30bcacc5b63b94088192dcda178513b2ae3c394229f8911b887",
                "sha256:e1505eeed31b0f4ce2dbb3bc8eb256c04cc2b3b72af7d551a4ab6efd5cbe5dae"
            ],
            "version": "==4.8.2"
        },
        "chardet": {
            "hashes": [
                "sha256:84ab92ed1c4d4f16916e05906b6b75a6c0fb5db821cc65e70cbd64a3e2a5eaae",
                "sha256:fc323ffcaeaed0e0a02bf4d117757b98aed530d9ed4531e3e15460124c106691"
            ],
            "index": "pypi",
            "version": "==3.0.4"
        },
        "django": {
            "hashes": [
                "sha256:4f2c913303be4f874015993420bf0bd8fd2097a9c88e6b49c6a92f9bdd3fb13a",
                "sha256:8c3575f81e11390893860d97e1e0154c47512f180ea55bd84ce8fa69ba8051ca"
            ],
            "index": "pypi",
            "version": "==3.0.2"
        },
        "django-imperavi": {
            "hashes": [
                "sha256:2b05ff0afbc8a23a28ab599abef6aa8e762f32b5830ce7522905b471763d3da2"
            ],
            "index": "pypi",
            "version": "==0.2.3"
        },
        "django-tinymce": {
            "hashes": [
                "sha256:5a6e21406daafab22124be5c447abdfe78937307420daae0b997d2be0f08c58b",
                "sha256:bb7311a2ce705a0b95f4ae8fab4f17445982719b557f4e935d68dae514f7df0a"
            ],
            "index": "pypi",
            "version": "==2.8.0"
        },
        "django-webtest": {
            "hashes": [
                "sha256:b9b4b94670c0ce533efc456d02dd55a0d0a7a8f7912eb30728dca2d59d7948b4",
                "sha256:c5a1e486a3d8d3623aa615b6db2f27de848aa7079303a84721e9a685f839796c"
            ],
            "index": "pypi",
            "version": "==1.9.7"
        },
        "ldif3": {
            "hashes": [
                "sha256:ccdf6ac2ed3f88912b7509529694c0e289c4392d34f2095cca22fa6d70ac189a"
            ],
            "index": "pypi",
            "version": "==3.1.1"
        },
        "mock": {
            "hashes": [
                "sha256:83657d894c90d5681d62155c82bda9c1187827525880eda8ff5df4ec813437c3",
                "sha256:d157e52d4e5b938c550f39eb2fd15610db062441a9c2747d3dbfa9298211d0f8"
            ],
            "index": "pypi",
            "version": "==3.0.5"
        },
        "pillow": {
            "hashes": [
                "sha256:0a628977ac2e01ca96aaae247ec2bd38e729631ddf2221b4b715446fd45505be",
                "sha256:4d9ed9a64095e031435af120d3c910148067087541131e82b3e8db302f4c8946",
                "sha256:54ebae163e8412aff0b9df1e88adab65788f5f5b58e625dc5c7f51eaf14a6837",
                "sha256:5bfef0b1cdde9f33881c913af14e43db69815c7e8df429ceda4c70a5e529210f",
                "sha256:5f3546ceb08089cedb9e8ff7e3f6a7042bb5b37c2a95d392fb027c3e53a2da00",
                "sha256:5f7ae9126d16194f114435ebb79cc536b5682002a4fa57fa7bb2cbcde65f2f4d",
                "sha256:62a889aeb0a79e50ecf5af272e9e3c164148f4bd9636cc6bcfa182a52c8b0533",
                "sha256:7406f5a9b2fd966e79e6abdaf700585a4522e98d6559ce37fc52e5c955fade0a",
                "sha256:8453f914f4e5a3d828281a6628cf517832abfa13ff50679a4848926dac7c0358",
                "sha256:87269cc6ce1e3dee11f23fa515e4249ae678dbbe2704598a51cee76c52e19cda",
                "sha256:875358310ed7abd5320f21dd97351d62de4929b0426cdb1eaa904b64ac36b435",
                "sha256:8ac6ce7ff3892e5deaab7abaec763538ffd011f74dc1801d93d3c5fc541feee2",
                "sha256:91b710e3353aea6fc758cdb7136d9bbdcb26b53cefe43e2cba953ac3ee1d3313",
                "sha256:9d2ba4ed13af381233e2d810ff3bab84ef9f18430a9b336ab69eaf3cd24299ff",
                "sha256:a62ec5e13e227399be73303ff301f2865bf68657d15ea50b038d25fc41097317",
                "sha256:ab76e5580b0ed647a8d8d2d2daee170e8e9f8aad225ede314f684e297e3643c2",
                "sha256:bf4003aa538af3f4205c5fac56eacaa67a6dd81e454ffd9e9f055fff9f1bc614",
                "sha256:bf598d2e37cf8edb1a2f26ed3fb255191f5232badea4003c16301cb94ac5bdd0",
                "sha256:c18f70dc27cc5d236f10e7834236aff60aadc71346a5bc1f4f83a4b3abee6386",
                "sha256:c5ed816632204a2fc9486d784d8e0d0ae754347aba99c811458d69fcdfd2a2f9",
                "sha256:dc058b7833184970d1248135b8b0ab702e6daa833be14035179f2acb78ff5636",
                "sha256:ff3797f2f16bf9d17d53257612da84dd0758db33935777149b3334c01ff68865"
            ],
            "index": "pypi",
            "version": "==7.0.0"
        },
        "python-card-me": {
            "hashes": [
                "sha256:37ca483a574534177227152123b1e1381330c75a62c4d4d60cd2eeb188384bf2"
            ],
            "index": "pypi",
            "version": "==0.9.3"
        },
        "python-dateutil": {
            "hashes": [
                "sha256:73ebfe9dbf22e832286dafa60473e4cd239f8592f699aa5adaf10050e6e1823c",
                "sha256:75bb3f31ea686f1197762692a9ee6a7550b59fc6ca3a1f4b5d7e32fb98e2da2a"
            ],
            "version": "==2.8.1"
        },
        "pytz": {
            "hashes": [
                "sha256:1c557d7d0e871de1f5ccd5833f60fb2550652da6be2693c1e02300743d21500d",
                "sha256:b02c06db6cf09c12dd25137e563b31700d3b80fcc4ad23abb7a315f2789819be"
            ],
            "index": "pypi",
            "version": "==2019.3"
        },
        "six": {
            "hashes": [
                "sha256:1f1b7d42e254082a9db6279deae68afb421ceba6158efa6131de7b3003ee93fd",
                "sha256:30f610279e8b2578cab6db20741130331735c781b56053c59c4076da27f06b66"
            ],
            "index": "pypi",
            "version": "==1.13.0"
        },
        "sorl-thumbnail": {
            "editable": true,
            "git": "git://github.com/jazzband/sorl-thumbnail",
            "ref": "13bedfb7d2970809eda597e3ef79318a6fa80ac2"
        },
        "soupsieve": {
            "hashes": [
                "sha256:bdb0d917b03a1369ce964056fc195cfdff8819c40de04695a80bc813c3cfa1f5",
                "sha256:e2c1c5dee4a1c36bcb790e0fabd5492d874b8ebd4617622c4f6a731701060dda"
            ],
            "version": "==1.9.5"
        },
        "sqlparse": {
            "hashes": [
                "sha256:40afe6b8d4b1117e7dff5504d7a8ce07d9a1b15aeeade8a2d10f130a834f8177",
                "sha256:7c3dca29c022744e95b547e867cee89f4fce4373f3549ccd8797d8eb52cdb873"
            ],
            "version": "==0.3.0"
        },
        "surlex": {
            "hashes": [
                "sha256:62057b52d147bf83aec36205a42a0080e0a0de4d6c8b8d6ae56adf477253b2df"
            ],
            "index": "pypi",
            "version": "==0.2.0"
        },
        "unicodecsv": {
            "hashes": [
                "sha256:018c08037d48649a0412063ff4eda26eaa81eff1546dbffa51fa5293276ff7fc"
            ],
            "index": "pypi",
            "version": "==0.14.1"
        },
        "waitress": {
            "hashes": [
                "sha256:67a60a376f0eb335ed88967c42b73983a58d66a2a72eb9009a42725f7453b142",
                "sha256:cbf1c62fc41393a6f27cb78483f8f6e252630a3598984668244b7bf4e35856f1"
            ],
            "version": "==1.4.2"
        },
        "webob": {
            "hashes": [
                "sha256:05aaab7975e0ee8af2026325d656e5ce14a71f1883c52276181821d6d5bf7086",
                "sha256:36db8203c67023d68c1b00208a7bf55e3b10de2aa317555740add29c619de12b"
            ],
            "version": "==1.8.5"
        },
        "webtest": {
            "hashes": [
                "sha256:41348efe4323a647a239c31cde84e5e440d726ca4f449859264e538d39037fd0",
                "sha256:f3a603b8f1dd873b9710cd5a7dd0889cf758d7e1c133b1dae971c04f567e566e"
            ],
            "index": "pypi",
            "version": "==2.0.33"
        }
    },
    "develop": {
        "coverage": {
            "hashes": [
                "sha256:189aac76d6e0d7af15572c51892e7326ee451c076c5a50a9d266406cd6c49708",
                "sha256:1bf7ba2af1d373a1750888724f84cffdfc697738f29a353c98195f98fc011509",
                "sha256:1f4ee8e2e4243971618bc16fcc4478317405205f135e95226c2496e2a3b8dbbf",
                "sha256:225e79a5d485bc1642cb7ba02281419c633c216cdc6b26c26494ba959f09e69f",
                "sha256:23688ff75adfa8bfa2a67254d889f9bdf9302c27241d746e17547c42c732d3f4",
                "sha256:28f7f73b34a05e23758e860a89a7f649b85c6749e252eff60ebb05532d180e86",
                "sha256:2d0cb9b1fe6ad0d915d45ad3d87f03a38e979093a98597e755930db1f897afae",
                "sha256:47874b4711c5aeb295c31b228a758ce3d096be83dc37bd56da48ed99efb8813b",
                "sha256:511ec0c00840e12fb4e852e4db58fa6a01ca4da72f36a9766fae344c3d502033",
                "sha256:53e7438fef0c97bc248f88ba1edd10268cd94d5609970aaf87abbe493691af87",
                "sha256:569f9ee3025682afda6e9b0f5bb14897c0db03f1a1dc088b083dd36e743f92bb",
                "sha256:593853aa1ac6dcc6405324d877544c596c9d948ef20d2e9512a0f5d2d3202356",
                "sha256:5b0a07158360d22492f9abd02a0f2ee7981b33f0646bf796598b7673f6bbab14",
                "sha256:7ca3db38a61f3655a2613ee2c190d63639215a7a736d3c64cc7bbdb002ce6310",
                "sha256:7d1cc7acc9ce55179616cf72154f9e648136ea55987edf84addbcd9886ffeba2",
                "sha256:88b51153657612aea68fa684a5b88037597925260392b7bb4509d4f9b0bdd889",
                "sha256:955ec084f549128fa2702f0b2dc696392001d986b71acd8fd47424f28289a9c3",
                "sha256:b251c7092cbb6d789d62dc9c9e7c4fb448c9138b51285c36aeb72462cad3600e",
                "sha256:bd82b684bb498c60ef47bb1541a50e6d006dde8579934dcbdbc61d67d1ea70d9",
                "sha256:bfe102659e2ec13b86c7f3b1db6c9a4e7beea4255058d006351339e6b342d5d2",
                "sha256:c1e4e39e43057396a5e9d069bfbb6ffeee892e40c5d2effbd8cd71f34ee66c4d",
                "sha256:cb2b74c123f65e8166f7e1265829a6c8ed755c3cd16d7f50e75a83456a5f3fd7",
                "sha256:cca38ded59105f7705ef6ffe1e960b8db6c7d8279c1e71654a4775ab4454ca15",
                "sha256:cf908840896f7aa62d0ec693beb53264b154f972eb8226fb864ac38975590c4f",
                "sha256:d095a7b473f8a95f7efe821f92058c8a2ecfb18f8db6677ae3819e15dc11aaae",
                "sha256:d22b4297e7e4225ccf01f1aa55e7a96412ea0796b532dd614c3fcbafa341128e",
                "sha256:d4a2b578a7a70e0c71f662705262f87a456f1e6c1e40ada7ea699abaf070a76d",
                "sha256:ddeb42a3d5419434742bf4cc71c9eaa22df3b76808e23a82bd0b0bd360f1a9f1",
                "sha256:e65a5aa1670db6263f19fdc03daee1d7dbbadb5cb67fd0a1f16033659db13c1d",
                "sha256:eaad65bd20955131bcdb3967a4dea66b4e4d4ca488efed7c00d91ee0173387e8",
                "sha256:f45fba420b94165c17896861bb0e8b27fb7abdcedfeb154895d8553df90b7b00"
            ],
            "index": "pypi",
            "version": "==5.0.2"
        }
    }
}
